// !$*UTF8*$!
{
	archiveVersion = 1;
	classes = {
	};
	objectVersion = 56;
	objects = {

/* Begin PBXBuildFile section */
		2630787629DF86C200045BA9 /* landmarkData.json in Resources */ = {isa = PBXBuildFile; fileRef = 2630787529DF86C200045BA9 /* landmarkData.json */; };
		2630787829DF938E00045BA9 /* FavouriteButtonView.swift in Sources */ = {isa = PBXBuildFile; fileRef = 2630787729DF938E00045BA9 /* FavouriteButtonView.swift */; };
		2630787C29DF9DCA00045BA9 /* HexagonParameters.swift in Sources */ = {isa = PBXBuildFile; fileRef = 2630787B29DF9DCA00045BA9 /* HexagonParameters.swift */; };
		2630787E29DF9FE200045BA9 /* BadgeBackgroundView.swift in Sources */ = {isa = PBXBuildFile; fileRef = 2630787D29DF9FE200045BA9 /* BadgeBackgroundView.swift */; };
		2630788029DFA50500045BA9 /* BadgeSymbolView.swift in Sources */ = {isa = PBXBuildFile; fileRef = 2630787F29DFA50500045BA9 /* BadgeSymbolView.swift */; };
		2630788229DFA59800045BA9 /* RotatedBadgeSymbolView.swift in Sources */ = {isa = PBXBuildFile; fileRef = 2630788129DFA59800045BA9 /* RotatedBadgeSymbolView.swift */; };
		2630788429DFA66D00045BA9 /* BadgeView.swift in Sources */ = {isa = PBXBuildFile; fileRef = 2630788329DFA66D00045BA9 /* BadgeView.swift */; };
		2630788729DFAACA00045BA9 /* hikeData.json in Resources */ = {isa = PBXBuildFile; fileRef = 2630788629DFAACA00045BA9 /* hikeData.json */; };
		2630788929DFAB0900045BA9 /* Hike.swift in Sources */ = {isa = PBXBuildFile; fileRef = 2630788829DFAB0900045BA9 /* Hike.swift */; };
		2630788F29DFAC5500045BA9 /* GraphCapsule.swift in Sources */ = {isa = PBXBuildFile; fileRef = 2630788B29DFAC5500045BA9 /* GraphCapsule.swift */; };
		2630789029DFAC5500045BA9 /* HikeGraph.swift in Sources */ = {isa = PBXBuildFile; fileRef = 2630788C29DFAC5500045BA9 /* HikeGraph.swift */; };
		2630789129DFAC5500045BA9 /* HikeDetail.swift in Sources */ = {isa = PBXBuildFile; fileRef = 2630788D29DFAC5500045BA9 /* HikeDetail.swift */; };
		2630789229DFAC5500045BA9 /* HikeView.swift in Sources */ = {isa = PBXBuildFile; fileRef = 2630788E29DFAC5500045BA9 /* HikeView.swift */; };
		2630789429DFB34E00045BA9 /* CategoryHomeView.swift in Sources */ = {isa = PBXBuildFile; fileRef = 2630789329DFB34E00045BA9 /* CategoryHomeView.swift */; };
		2630789629E216A800045BA9 /* CategoryRowView.swift in Sources */ = {isa = PBXBuildFile; fileRef = 2630789529E216A800045BA9 /* CategoryRowView.swift */; };
		2630789829E217F500045BA9 /* CategoryItemView.swift in Sources */ = {isa = PBXBuildFile; fileRef = 2630789729E217F500045BA9 /* CategoryItemView.swift */; };
		265F880329D80DE60015CBE5 /* landmarksApp.swift in Sources */ = {isa = PBXBuildFile; fileRef = 265F880229D80DE60015CBE5 /* landmarksApp.swift */; };
		265F880529D80DE60015CBE5 /* ContentView.swift in Sources */ = {isa = PBXBuildFile; fileRef = 265F880429D80DE60015CBE5 /* ContentView.swift */; };
		265F880729D80DE60015CBE5 /* Assets.xcassets in Resources */ = {isa = PBXBuildFile; fileRef = 265F880629D80DE60015CBE5 /* Assets.xcassets */; };
		265F880A29D80DE60015CBE5 /* Preview Assets.xcassets in Resources */ = {isa = PBXBuildFile; fileRef = 265F880929D80DE60015CBE5 /* Preview Assets.xcassets */; };
		265F881429D80DE70015CBE5 /* landmarksTests.swift in Sources */ = {isa = PBXBuildFile; fileRef = 265F881329D80DE70015CBE5 /* landmarksTests.swift */; };
		265F881E29D80DE70015CBE5 /* landmarksUITests.swift in Sources */ = {isa = PBXBuildFile; fileRef = 265F881D29D80DE70015CBE5 /* landmarksUITests.swift */; };
		265F882029D80DE70015CBE5 /* landmarksUITestsLaunchTests.swift in Sources */ = {isa = PBXBuildFile; fileRef = 265F881F29D80DE70015CBE5 /* landmarksUITestsLaunchTests.swift */; };
		265F886529D817D90015CBE5 /* CircleImageView.swift in Sources */ = {isa = PBXBuildFile; fileRef = 265F886429D817D80015CBE5 /* CircleImageView.swift */; };
		265F886729D819AC0015CBE5 /* MapView.swift in Sources */ = {isa = PBXBuildFile; fileRef = 265F886629D819AC0015CBE5 /* MapView.swift */; };
		265F886D29D828450015CBE5 /* LandmarkDetailView.swift in Sources */ = {isa = PBXBuildFile; fileRef = 265F886C29D828450015CBE5 /* LandmarkDetailView.swift */; };
		265F886F29D828810015CBE5 /* Landmark.swift in Sources */ = {isa = PBXBuildFile; fileRef = 265F886E29D828810015CBE5 /* Landmark.swift */; };
		265F887129D82AE30015CBE5 /* ModelData.swift in Sources */ = {isa = PBXBuildFile; fileRef = 265F887029D82AE30015CBE5 /* ModelData.swift */; };
		265F887829D82DF60015CBE5 /* LandmarkRowView.swift in Sources */ = {isa = PBXBuildFile; fileRef = 265F887729D82DF60015CBE5 /* LandmarkRowView.swift */; };
		265F887A29D833E90015CBE5 /* LandmarkListView.swift in Sources */ = {isa = PBXBuildFile; fileRef = 265F887929D833E90015CBE5 /* LandmarkListView.swift */; };
/* End PBXBuildFile section */

/* Begin PBXContainerItemProxy section */
		265F881029D80DE70015CBE5 /* PBXContainerItemProxy */ = {
			isa = PBXContainerItemProxy;
			containerPortal = 265F87F729D80DE60015CBE5 /* Project object */;
			proxyType = 1;
			remoteGlobalIDString = 265F87FE29D80DE60015CBE5;
			remoteInfo = landmarks;
		};
		265F881A29D80DE70015CBE5 /* PBXContainerItemProxy */ = {
			isa = PBXContainerItemProxy;
			containerPortal = 265F87F729D80DE60015CBE5 /* Project object */;
			proxyType = 1;
			remoteGlobalIDString = 265F87FE29D80DE60015CBE5;
			remoteInfo = landmarks;
		};
/* End PBXContainerItemProxy section */

/* Begin PBXFileReference section */
		2630787529DF86C200045BA9 /* landmarkData.json */ = {isa = PBXFileReference; fileEncoding = 4; lastKnownFileType = text.json; name = landmarkData.json; path = ../../../../../Downloads/BuildingListsAndNavigation/Resources/landmarkData.json; sourceTree = "<group>"; };
		2630787729DF938E00045BA9 /* FavouriteButtonView.swift */ = {isa = PBXFileReference; lastKnownFileType = sourcecode.swift; path = FavouriteButtonView.swift; sourceTree = "<group>"; };
		2630787B29DF9DCA00045BA9 /* HexagonParameters.swift */ = {isa = PBXFileReference; lastKnownFileType = sourcecode.swift; path = HexagonParameters.swift; sourceTree = "<group>"; };
		2630787D29DF9FE200045BA9 /* BadgeBackgroundView.swift */ = {isa = PBXFileReference; lastKnownFileType = sourcecode.swift; path = BadgeBackgroundView.swift; sourceTree = "<group>"; };
		2630787F29DFA50500045BA9 /* BadgeSymbolView.swift */ = {isa = PBXFileReference; lastKnownFileType = sourcecode.swift; path = BadgeSymbolView.swift; sourceTree = "<group>"; };
		2630788129DFA59800045BA9 /* RotatedBadgeSymbolView.swift */ = {isa = PBXFileReference; lastKnownFileType = sourcecode.swift; path = RotatedBadgeSymbolView.swift; sourceTree = "<group>"; };
		2630788329DFA66D00045BA9 /* BadgeView.swift */ = {isa = PBXFileReference; lastKnownFileType = sourcecode.swift; path = BadgeView.swift; sourceTree = "<group>"; };
		2630788629DFAACA00045BA9 /* hikeData.json */ = {isa = PBXFileReference; fileEncoding = 4; lastKnownFileType = text.json; path = hikeData.json; sourceTree = "<group>"; };
		2630788829DFAB0900045BA9 /* Hike.swift */ = {isa = PBXFileReference; lastKnownFileType = sourcecode.swift; path = Hike.swift; sourceTree = "<group>"; };
		2630788B29DFAC5500045BA9 /* GraphCapsule.swift */ = {isa = PBXFileReference; fileEncoding = 4; lastKnownFileType = sourcecode.swift; path = GraphCapsule.swift; sourceTree = "<group>"; };
		2630788C29DFAC5500045BA9 /* HikeGraph.swift */ = {isa = PBXFileReference; fileEncoding = 4; lastKnownFileType = sourcecode.swift; path = HikeGraph.swift; sourceTree = "<group>"; };
		2630788D29DFAC5500045BA9 /* HikeDetail.swift */ = {isa = PBXFileReference; fileEncoding = 4; lastKnownFileType = sourcecode.swift; path = HikeDetail.swift; sourceTree = "<group>"; };
		2630788E29DFAC5500045BA9 /* HikeView.swift */ = {isa = PBXFileReference; fileEncoding = 4; lastKnownFileType = sourcecode.swift; path = HikeView.swift; sourceTree = "<group>"; };
		2630789329DFB34E00045BA9 /* CategoryHomeView.swift */ = {isa = PBXFileReference; lastKnownFileType = sourcecode.swift; path = CategoryHomeView.swift; sourceTree = "<group>"; };
		2630789529E216A800045BA9 /* CategoryRowView.swift */ = {isa = PBXFileReference; lastKnownFileType = sourcecode.swift; path = CategoryRowView.swift; sourceTree = "<group>"; };
		2630789729E217F500045BA9 /* CategoryItemView.swift */ = {isa = PBXFileReference; lastKnownFileType = sourcecode.swift; path = CategoryItemView.swift; sourceTree = "<group>"; };
		265F87FF29D80DE60015CBE5 /* landmarks.app */ = {isa = PBXFileReference; explicitFileType = wrapper.application; includeInIndex = 0; path = landmarks.app; sourceTree = BUILT_PRODUCTS_DIR; };
		265F880229D80DE60015CBE5 /* landmarksApp.swift */ = {isa = PBXFileReference; lastKnownFileType = sourcecode.swift; path = landmarksApp.swift; sourceTree = "<group>"; };
		265F880429D80DE60015CBE5 /* ContentView.swift */ = {isa = PBXFileReference; lastKnownFileType = sourcecode.swift; path = ContentView.swift; sourceTree = "<group>"; };
		265F880629D80DE60015CBE5 /* Assets.xcassets */ = {isa = PBXFileReference; lastKnownFileType = folder.assetcatalog; path = Assets.xcassets; sourceTree = "<group>"; };
		265F880929D80DE60015CBE5 /* Preview Assets.xcassets */ = {isa = PBXFileReference; lastKnownFileType = folder.assetcatalog; path = "Preview Assets.xcassets"; sourceTree = "<group>"; };
		265F880F29D80DE70015CBE5 /* landmarksTests.xctest */ = {isa = PBXFileReference; explicitFileType = wrapper.cfbundle; includeInIndex = 0; path = landmarksTests.xctest; sourceTree = BUILT_PRODUCTS_DIR; };
		265F881329D80DE70015CBE5 /* landmarksTests.swift */ = {isa = PBXFileReference; lastKnownFileType = sourcecode.swift; path = landmarksTests.swift; sourceTree = "<group>"; };
		265F881929D80DE70015CBE5 /* landmarksUITests.xctest */ = {isa = PBXFileReference; explicitFileType = wrapper.cfbundle; includeInIndex = 0; path = landmarksUITests.xctest; sourceTree = BUILT_PRODUCTS_DIR; };
		265F881D29D80DE70015CBE5 /* landmarksUITests.swift */ = {isa = PBXFileReference; lastKnownFileType = sourcecode.swift; path = landmarksUITests.swift; sourceTree = "<group>"; };
		265F881F29D80DE70015CBE5 /* landmarksUITestsLaunchTests.swift */ = {isa = PBXFileReference; lastKnownFileType = sourcecode.swift; path = landmarksUITestsLaunchTests.swift; sourceTree = "<group>"; };
		265F886429D817D80015CBE5 /* CircleImageView.swift */ = {isa = PBXFileReference; lastKnownFileType = sourcecode.swift; path = CircleImageView.swift; sourceTree = "<group>"; };
		265F886629D819AC0015CBE5 /* MapView.swift */ = {isa = PBXFileReference; lastKnownFileType = sourcecode.swift; path = MapView.swift; sourceTree = "<group>"; };
		265F886C29D828450015CBE5 /* LandmarkDetailView.swift */ = {isa = PBXFileReference; lastKnownFileType = sourcecode.swift; path = LandmarkDetailView.swift; sourceTree = "<group>"; };
		265F886E29D828810015CBE5 /* Landmark.swift */ = {isa = PBXFileReference; lastKnownFileType = sourcecode.swift; path = Landmark.swift; sourceTree = "<group>"; };
		265F887029D82AE30015CBE5 /* ModelData.swift */ = {isa = PBXFileReference; lastKnownFileType = sourcecode.swift; path = ModelData.swift; sourceTree = "<group>"; };
		265F887729D82DF60015CBE5 /* LandmarkRowView.swift */ = {isa = PBXFileReference; lastKnownFileType = sourcecode.swift; path = LandmarkRowView.swift; sourceTree = "<group>"; };
		265F887929D833E90015CBE5 /* LandmarkListView.swift */ = {isa = PBXFileReference; lastKnownFileType = sourcecode.swift; path = LandmarkListView.swift; sourceTree = "<group>"; };
		265F887B29D845360015CBE5 /* README.md */ = {isa = PBXFileReference; lastKnownFileType = net.daringfireball.markdown; path = README.md; sourceTree = "<group>"; };
/* End PBXFileReference section */

/* Begin PBXFrameworksBuildPhase section */
		265F87FC29D80DE60015CBE5 /* Frameworks */ = {
			isa = PBXFrameworksBuildPhase;
			buildActionMask = 2147483647;
			files = (
			);
			runOnlyForDeploymentPostprocessing = 0;
		};
		265F880C29D80DE70015CBE5 /* Frameworks */ = {
			isa = PBXFrameworksBuildPhase;
			buildActionMask = 2147483647;
			files = (
			);
			runOnlyForDeploymentPostprocessing = 0;
		};
		265F881629D80DE70015CBE5 /* Frameworks */ = {
			isa = PBXFrameworksBuildPhase;
			buildActionMask = 2147483647;
			files = (
			);
			runOnlyForDeploymentPostprocessing = 0;
		};
/* End PBXFrameworksBuildPhase section */

/* Begin PBXGroup section */
		2630787929DF959900045BA9 /* Helpers */ = {
			isa = PBXGroup;
			children = (
				265F886429D817D80015CBE5 /* CircleImageView.swift */,
				265F886629D819AC0015CBE5 /* MapView.swift */,
				2630787729DF938E00045BA9 /* FavouriteButtonView.swift */,
			);
			path = Helpers;
			sourceTree = "<group>";
		};
		2630787A29DF95AC00045BA9 /* Landmarks */ = {
			isa = PBXGroup;
			children = (
				265F886C29D828450015CBE5 /* LandmarkDetailView.swift */,
				265F887729D82DF60015CBE5 /* LandmarkRowView.swift */,
				265F887929D833E90015CBE5 /* LandmarkListView.swift */,
			);
			path = Landmarks;
			sourceTree = "<group>";
		};
		2630788529DFA88000045BA9 /* Badges */ = {
			isa = PBXGroup;
			children = (
				2630787F29DFA50500045BA9 /* BadgeSymbolView.swift */,
				2630787D29DF9FE200045BA9 /* BadgeBackgroundView.swift */,
				2630787B29DF9DCA00045BA9 /* HexagonParameters.swift */,
				2630788129DFA59800045BA9 /* RotatedBadgeSymbolView.swift */,
				2630788329DFA66D00045BA9 /* BadgeView.swift */,
			);
			path = Badges;
			sourceTree = "<group>";
		};
		2630788A29DFAC5500045BA9 /* Hikes */ = {
			isa = PBXGroup;
			children = (
				2630788B29DFAC5500045BA9 /* GraphCapsule.swift */,
				2630788C29DFAC5500045BA9 /* HikeGraph.swift */,
				2630788D29DFAC5500045BA9 /* HikeDetail.swift */,
				2630788E29DFAC5500045BA9 /* HikeView.swift */,
			);
			path = Hikes;
			sourceTree = "<group>";
		};
		265F87F629D80DE60015CBE5 = {
			isa = PBXGroup;
			children = (
				265F887B29D845360015CBE5 /* README.md */,
				265F880129D80DE60015CBE5 /* landmarks */,
				265F881229D80DE70015CBE5 /* landmarksTests */,
				265F881C29D80DE70015CBE5 /* landmarksUITests */,
				265F880029D80DE60015CBE5 /* Products */,
			);
			sourceTree = "<group>";
		};
		265F880029D80DE60015CBE5 /* Products */ = {
			isa = PBXGroup;
			children = (
				265F87FF29D80DE60015CBE5 /* landmarks.app */,
				265F880F29D80DE70015CBE5 /* landmarksTests.xctest */,
				265F881929D80DE70015CBE5 /* landmarksUITests.xctest */,
			);
			name = Products;
			sourceTree = "<group>";
		};
		265F880129D80DE60015CBE5 /* landmarks */ = {
			isa = PBXGroup;
			children = (
				2630788529DFA88000045BA9 /* Badges */,
				265F887329D82C750015CBE5 /* Resources */,
				265F887429D82C7C0015CBE5 /* Models */,
				265F887229D82C470015CBE5 /* Views */,
				265F880229D80DE60015CBE5 /* landmarksApp.swift */,
				265F880629D80DE60015CBE5 /* Assets.xcassets */,
				265F880829D80DE60015CBE5 /* Preview Content */,
			);
			path = landmarks;
			sourceTree = "<group>";
		};
		265F880829D80DE60015CBE5 /* Preview Content */ = {
			isa = PBXGroup;
			children = (
				265F880929D80DE60015CBE5 /* Preview Assets.xcassets */,
			);
			path = "Preview Content";
			sourceTree = "<group>";
		};
		265F881229D80DE70015CBE5 /* landmarksTests */ = {
			isa = PBXGroup;
			children = (
				265F881329D80DE70015CBE5 /* landmarksTests.swift */,
			);
			path = landmarksTests;
			sourceTree = "<group>";
		};
		265F881C29D80DE70015CBE5 /* landmarksUITests */ = {
			isa = PBXGroup;
			children = (
				265F881D29D80DE70015CBE5 /* landmarksUITests.swift */,
				265F881F29D80DE70015CBE5 /* landmarksUITestsLaunchTests.swift */,
			);
			path = landmarksUITests;
			sourceTree = "<group>";
		};
		265F887229D82C470015CBE5 /* Views */ = {
			isa = PBXGroup;
			children = (
				2630788A29DFAC5500045BA9 /* Hikes */,
				265F880429D80DE60015CBE5 /* ContentView.swift */,
				2630787929DF959900045BA9 /* Helpers */,
				2630787A29DF95AC00045BA9 /* Landmarks */,
				2630789329DFB34E00045BA9 /* CategoryHomeView.swift */,
				2630789529E216A800045BA9 /* CategoryRowView.swift */,
				2630789729E217F500045BA9 /* CategoryItemView.swift */,
			);
			path = Views;
			sourceTree = "<group>";
		};
		265F887329D82C750015CBE5 /* Resources */ = {
			isa = PBXGroup;
			children = (
				2630788629DFAACA00045BA9 /* hikeData.json */,
				2630787529DF86C200045BA9 /* landmarkData.json */,
			);
			path = Resources;
			sourceTree = "<group>";
		};
		265F887429D82C7C0015CBE5 /* Models */ = {
			isa = PBXGroup;
			children = (
				265F887029D82AE30015CBE5 /* ModelData.swift */,
				265F886E29D828810015CBE5 /* Landmark.swift */,
				2630788829DFAB0900045BA9 /* Hike.swift */,
			);
			path = Models;
			sourceTree = "<group>";
		};
/* End PBXGroup section */

/* Begin PBXNativeTarget section */
		265F87FE29D80DE60015CBE5 /* landmarks */ = {
			isa = PBXNativeTarget;
			buildConfigurationList = 265F882329D80DE70015CBE5 /* Build configuration list for PBXNativeTarget "landmarks" */;
			buildPhases = (
				265F87FB29D80DE60015CBE5 /* Sources */,
				265F87FC29D80DE60015CBE5 /* Frameworks */,
				265F87FD29D80DE60015CBE5 /* Resources */,
			);
			buildRules = (
			);
			dependencies = (
			);
			name = landmarks;
			productName = landmarks;
			productReference = 265F87FF29D80DE60015CBE5 /* landmarks.app */;
			productType = "com.apple.product-type.application";
		};
		265F880E29D80DE70015CBE5 /* landmarksTests */ = {
			isa = PBXNativeTarget;
			buildConfigurationList = 265F882629D80DE70015CBE5 /* Build configuration list for PBXNativeTarget "landmarksTests" */;
			buildPhases = (
				265F880B29D80DE70015CBE5 /* Sources */,
				265F880C29D80DE70015CBE5 /* Frameworks */,
				265F880D29D80DE70015CBE5 /* Resources */,
			);
			buildRules = (
			);
			dependencies = (
				265F881129D80DE70015CBE5 /* PBXTargetDependency */,
			);
			name = landmarksTests;
			productName = landmarksTests;
			productReference = 265F880F29D80DE70015CBE5 /* landmarksTests.xctest */;
			productType = "com.apple.product-type.bundle.unit-test";
		};
		265F881829D80DE70015CBE5 /* landmarksUITests */ = {
			isa = PBXNativeTarget;
			buildConfigurationList = 265F882929D80DE70015CBE5 /* Build configuration list for PBXNativeTarget "landmarksUITests" */;
			buildPhases = (
				265F881529D80DE70015CBE5 /* Sources */,
				265F881629D80DE70015CBE5 /* Frameworks */,
				265F881729D80DE70015CBE5 /* Resources */,
			);
			buildRules = (
			);
			dependencies = (
				265F881B29D80DE70015CBE5 /* PBXTargetDependency */,
			);
			name = landmarksUITests;
			productName = landmarksUITests;
			productReference = 265F881929D80DE70015CBE5 /* landmarksUITests.xctest */;
			productType = "com.apple.product-type.bundle.ui-testing";
		};
/* End PBXNativeTarget section */

/* Begin PBXProject section */
		265F87F729D80DE60015CBE5 /* Project object */ = {
			isa = PBXProject;
			attributes = {
				BuildIndependentTargetsInParallel = 1;
				LastSwiftUpdateCheck = 1420;
				LastUpgradeCheck = 1420;
				TargetAttributes = {
					265F87FE29D80DE60015CBE5 = {
						CreatedOnToolsVersion = 14.2;
					};
					265F880E29D80DE70015CBE5 = {
						CreatedOnToolsVersion = 14.2;
						TestTargetID = 265F87FE29D80DE60015CBE5;
					};
					265F881829D80DE70015CBE5 = {
						CreatedOnToolsVersion = 14.2;
						TestTargetID = 265F87FE29D80DE60015CBE5;
					};
				};
			};
			buildConfigurationList = 265F87FA29D80DE60015CBE5 /* Build configuration list for PBXProject "landmarks" */;
			compatibilityVersion = "Xcode 14.0";
			developmentRegion = en;
			hasScannedForEncodings = 0;
			knownRegions = (
				en,
				Base,
			);
			mainGroup = 265F87F629D80DE60015CBE5;
			productRefGroup = 265F880029D80DE60015CBE5 /* Products */;
			projectDirPath = "";
			projectRoot = "";
			targets = (
				265F87FE29D80DE60015CBE5 /* landmarks */,
				265F880E29D80DE70015CBE5 /* landmarksTests */,
				265F881829D80DE70015CBE5 /* landmarksUITests */,
			);
		};
/* End PBXProject section */

/* Begin PBXResourcesBuildPhase section */
		265F87FD29D80DE60015CBE5 /* Resources */ = {
			isa = PBXResourcesBuildPhase;
			buildActionMask = 2147483647;
			files = (
				2630788729DFAACA00045BA9 /* hikeData.json in Resources */,
				265F880A29D80DE60015CBE5 /* Preview Assets.xcassets in Resources */,
				265F880729D80DE60015CBE5 /* Assets.xcassets in Resources */,
				2630787629DF86C200045BA9 /* landmarkData.json in Resources */,
			);
			runOnlyForDeploymentPostprocessing = 0;
		};
		265F880D29D80DE70015CBE5 /* Resources */ = {
			isa = PBXResourcesBuildPhase;
			buildActionMask = 2147483647;
			files = (
			);
			runOnlyForDeploymentPostprocessing = 0;
		};
		265F881729D80DE70015CBE5 /* Resources */ = {
			isa = PBXResourcesBuildPhase;
			buildActionMask = 2147483647;
			files = (
			);
			runOnlyForDeploymentPostprocessing = 0;
		};
/* End PBXResourcesBuildPhase section */

/* Begin PBXSourcesBuildPhase section */
		265F87FB29D80DE60015CBE5 /* Sources */ = {
			isa = PBXSourcesBuildPhase;
			buildActionMask = 2147483647;
			files = (
				2630787C29DF9DCA00045BA9 /* HexagonParameters.swift in Sources */,
				2630789029DFAC5500045BA9 /* HikeGraph.swift in Sources */,
				265F880529D80DE60015CBE5 /* ContentView.swift in Sources */,
				2630789629E216A800045BA9 /* CategoryRowView.swift in Sources */,
				265F886729D819AC0015CBE5 /* MapView.swift in Sources */,
				2630788F29DFAC5500045BA9 /* GraphCapsule.swift in Sources */,
				265F886D29D828450015CBE5 /* LandmarkDetailView.swift in Sources */,
				265F880329D80DE60015CBE5 /* landmarksApp.swift in Sources */,
				2630789129DFAC5500045BA9 /* HikeDetail.swift in Sources */,
				2630788029DFA50500045BA9 /* BadgeSymbolView.swift in Sources */,
				2630788929DFAB0900045BA9 /* Hike.swift in Sources */,
				2630788429DFA66D00045BA9 /* BadgeView.swift in Sources */,
				265F886529D817D90015CBE5 /* CircleImageView.swift in Sources */,
				265F887829D82DF60015CBE5 /* LandmarkRowView.swift in Sources */,
				2630789229DFAC5500045BA9 /* HikeView.swift in Sources */,
				265F887129D82AE30015CBE5 /* ModelData.swift in Sources */,
				265F887A29D833E90015CBE5 /* LandmarkListView.swift in Sources */,
				2630788229DFA59800045BA9 /* RotatedBadgeSymbolView.swift in Sources */,
				2630789429DFB34E00045BA9 /* CategoryHomeView.swift in Sources */,
				2630789829E217F500045BA9 /* CategoryItemView.swift in Sources */,
				2630787829DF938E00045BA9 /* FavouriteButtonView.swift in Sources */,
				2630787E29DF9FE200045BA9 /* BadgeBackgroundView.swift in Sources */,
				265F886F29D828810015CBE5 /* Landmark.swift in Sources */,
			);
			runOnlyForDeploymentPostprocessing = 0;
		};
		265F880B29D80DE70015CBE5 /* Sources */ = {
			isa = PBXSourcesBuildPhase;
			buildActionMask = 2147483647;
			files = (
				265F881429D80DE70015CBE5 /* landmarksTests.swift in Sources */,
			);
			runOnlyForDeploymentPostprocessing = 0;
		};
		265F881529D80DE70015CBE5 /* Sources */ = {
			isa = PBXSourcesBuildPhase;
			buildActionMask = 2147483647;
			files = (
				265F882029D80DE70015CBE5 /* landmarksUITestsLaunchTests.swift in Sources */,
				265F881E29D80DE70015CBE5 /* landmarksUITests.swift in Sources */,
			);
			runOnlyForDeploymentPostprocessing = 0;
		};
/* End PBXSourcesBuildPhase section */

/* Begin PBXTargetDependency section */
		265F881129D80DE70015CBE5 /* PBXTargetDependency */ = {
			isa = PBXTargetDependency;
			target = 265F87FE29D80DE60015CBE5 /* landmarks */;
			targetProxy = 265F881029D80DE70015CBE5 /* PBXContainerItemProxy */;
		};
		265F881B29D80DE70015CBE5 /* PBXTargetDependency */ = {
			isa = PBXTargetDependency;
			target = 265F87FE29D80DE60015CBE5 /* landmarks */;
			targetProxy = 265F881A29D80DE70015CBE5 /* PBXContainerItemProxy */;
		};
/* End PBXTargetDependency section */

/* Begin XCBuildConfiguration section */
		265F882129D80DE70015CBE5 /* Debug */ = {
			isa = XCBuildConfiguration;
			buildSettings = {
				ALWAYS_SEARCH_USER_PATHS = NO;
				CLANG_ANALYZER_NONNULL = YES;
				CLANG_ANALYZER_NUMBER_OBJECT_CONVERSION = YES_AGGRESSIVE;
				CLANG_CXX_LANGUAGE_STANDARD = "gnu++20";
				CLANG_ENABLE_MODULES = YES;
				CLANG_ENABLE_OBJC_ARC = YES;
				CLANG_ENABLE_OBJC_WEAK = YES;
				CLANG_WARN_BLOCK_CAPTURE_AUTORELEASING = YES;
				CLANG_WARN_BOOL_CONVERSION = YES;
				CLANG_WARN_COMMA = YES;
				CLANG_WARN_CONSTANT_CONVERSION = YES;
				CLANG_WARN_DEPRECATED_OBJC_IMPLEMENTATIONS = YES;
				CLANG_WARN_DIRECT_OBJC_ISA_USAGE = YES_ERROR;
				CLANG_WARN_DOCUMENTATION_COMMENTS = YES;
				CLANG_WARN_EMPTY_BODY = YES;
				CLANG_WARN_ENUM_CONVERSION = YES;
				CLANG_WARN_INFINITE_RECURSION = YES;
				CLANG_WARN_INT_CONVERSION = YES;
				CLANG_WARN_NON_LITERAL_NULL_CONVERSION = YES;
				CLANG_WARN_OBJC_IMPLICIT_RETAIN_SELF = YES;
				CLANG_WARN_OBJC_LITERAL_CONVERSION = YES;
				CLANG_WARN_OBJC_ROOT_CLASS = YES_ERROR;
				CLANG_WARN_QUOTED_INCLUDE_IN_FRAMEWORK_HEADER = YES;
				CLANG_WARN_RANGE_LOOP_ANALYSIS = YES;
				CLANG_WARN_STRICT_PROTOTYPES = YES;
				CLANG_WARN_SUSPICIOUS_MOVE = YES;
				CLANG_WARN_UNGUARDED_AVAILABILITY = YES_AGGRESSIVE;
				CLANG_WARN_UNREACHABLE_CODE = YES;
				CLANG_WARN__DUPLICATE_METHOD_MATCH = YES;
				COPY_PHASE_STRIP = NO;
				DEBUG_INFORMATION_FORMAT = dwarf;
				ENABLE_STRICT_OBJC_MSGSEND = YES;
				ENABLE_TESTABILITY = YES;
				GCC_C_LANGUAGE_STANDARD = gnu11;
				GCC_DYNAMIC_NO_PIC = NO;
				GCC_NO_COMMON_BLOCKS = YES;
				GCC_OPTIMIZATION_LEVEL = 0;
				GCC_PREPROCESSOR_DEFINITIONS = (
					"DEBUG=1",
					"$(inherited)",
				);
				GCC_WARN_64_TO_32_BIT_CONVERSION = YES;
				GCC_WARN_ABOUT_RETURN_TYPE = YES_ERROR;
				GCC_WARN_UNDECLARED_SELECTOR = YES;
				GCC_WARN_UNINITIALIZED_AUTOS = YES_AGGRESSIVE;
				GCC_WARN_UNUSED_FUNCTION = YES;
				GCC_WARN_UNUSED_VARIABLE = YES;
				IPHONEOS_DEPLOYMENT_TARGET = 16.2;
				MTL_ENABLE_DEBUG_INFO = INCLUDE_SOURCE;
				MTL_FAST_MATH = YES;
				ONLY_ACTIVE_ARCH = YES;
				SDKROOT = iphoneos;
				SWIFT_ACTIVE_COMPILATION_CONDITIONS = DEBUG;
				SWIFT_OPTIMIZATION_LEVEL = "-Onone";
			};
			name = Debug;
		};
		265F882229D80DE70015CBE5 /* Release */ = {
			isa = XCBuildConfiguration;
			buildSettings = {
				ALWAYS_SEARCH_USER_PATHS = NO;
				CLANG_ANALYZER_NONNULL = YES;
				CLANG_ANALYZER_NUMBER_OBJECT_CONVERSION = YES_AGGRESSIVE;
				CLANG_CXX_LANGUAGE_STANDARD = "gnu++20";
				CLANG_ENABLE_MODULES = YES;
				CLANG_ENABLE_OBJC_ARC = YES;
				CLANG_ENABLE_OBJC_WEAK = YES;
				CLANG_WARN_BLOCK_CAPTURE_AUTORELEASING = YES;
				CLANG_WARN_BOOL_CONVERSION = YES;
				CLANG_WARN_COMMA = YES;
				CLANG_WARN_CONSTANT_CONVERSION = YES;
				CLANG_WARN_DEPRECATED_OBJC_IMPLEMENTATIONS = YES;
				CLANG_WARN_DIRECT_OBJC_ISA_USAGE = YES_ERROR;
				CLANG_WARN_DOCUMENTATION_COMMENTS = YES;
				CLANG_WARN_EMPTY_BODY = YES;
				CLANG_WARN_ENUM_CONVERSION = YES;
				CLANG_WARN_INFINITE_RECURSION = YES;
				CLANG_WARN_INT_CONVERSION = YES;
				CLANG_WARN_NON_LITERAL_NULL_CONVERSION = YES;
				CLANG_WARN_OBJC_IMPLICIT_RETAIN_SELF = YES;
				CLANG_WARN_OBJC_LITERAL_CONVERSION = YES;
				CLANG_WARN_OBJC_ROOT_CLASS = YES_ERROR;
				CLANG_WARN_QUOTED_INCLUDE_IN_FRAMEWORK_HEADER = YES;
				CLANG_WARN_RANGE_LOOP_ANALYSIS = YES;
				CLANG_WARN_STRICT_PROTOTYPES = YES;
				CLANG_WARN_SUSPICIOUS_MOVE = YES;
				CLANG_WARN_UNGUARDED_AVAILABILITY = YES_AGGRESSIVE;
				CLANG_WARN_UNREACHABLE_CODE = YES;
				CLANG_WARN__DUPLICATE_METHOD_MATCH = YES;
				COPY_PHASE_STRIP = NO;
				DEBUG_INFORMATION_FORMAT = "dwarf-with-dsym";
				ENABLE_NS_ASSERTIONS = NO;
				ENABLE_STRICT_OBJC_MSGSEND = YES;
				GCC_C_LANGUAGE_STANDARD = gnu11;
				GCC_NO_COMMON_BLOCKS = YES;
				GCC_WARN_64_TO_32_BIT_CONVERSION = YES;
				GCC_WARN_ABOUT_RETURN_TYPE = YES_ERROR;
				GCC_WARN_UNDECLARED_SELECTOR = YES;
				GCC_WARN_UNINITIALIZED_AUTOS = YES_AGGRESSIVE;
				GCC_WARN_UNUSED_FUNCTION = YES;
				GCC_WARN_UNUSED_VARIABLE = YES;
				IPHONEOS_DEPLOYMENT_TARGET = 16.2;
				MTL_ENABLE_DEBUG_INFO = NO;
				MTL_FAST_MATH = YES;
				SDKROOT = iphoneos;
				SWIFT_COMPILATION_MODE = wholemodule;
				SWIFT_OPTIMIZATION_LEVEL = "-O";
				VALIDATE_PRODUCT = YES;
			};
			name = Release;
		};
		265F882429D80DE70015CBE5 /* Debug */ = {
			isa = XCBuildConfiguration;
			buildSettings = {
				ASSETCATALOG_COMPILER_APPICON_NAME = AppIcon;
				ASSETCATALOG_COMPILER_GLOBAL_ACCENT_COLOR_NAME = AccentColor;
				CODE_SIGN_STYLE = Automatic;
				CURRENT_PROJECT_VERSION = 1;
				DEVELOPMENT_ASSET_PATHS = "\"landmarks/Preview Content\"";
				DEVELOPMENT_TEAM = W2K3YVP382;
				ENABLE_PREVIEWS = YES;
				GENERATE_INFOPLIST_FILE = YES;
				INFOPLIST_KEY_UIApplicationSceneManifest_Generation = YES;
				INFOPLIST_KEY_UIApplicationSupportsIndirectInputEvents = YES;
				INFOPLIST_KEY_UILaunchScreen_Generation = YES;
				INFOPLIST_KEY_UISupportedInterfaceOrientations_iPad = "UIInterfaceOrientationPortrait UIInterfaceOrientationPortraitUpsideDown UIInterfaceOrientationLandscapeLeft UIInterfaceOrientationLandscapeRight";
				INFOPLIST_KEY_UISupportedInterfaceOrientations_iPhone = "UIInterfaceOrientationPortrait UIInterfaceOrientationLandscapeLeft UIInterfaceOrientationLandscapeRight";
				LD_RUNPATH_SEARCH_PATHS = (
					"$(inherited)",
					"@executable_path/Frameworks",
				);
				MARKETING_VERSION = 1.0;
				PRODUCT_BUNDLE_IDENTIFIER = dev.andrewjfei.landmarks;
				PRODUCT_NAME = "$(TARGET_NAME)";
				SWIFT_EMIT_LOC_STRINGS = YES;
				SWIFT_VERSION = 5.0;
				TARGETED_DEVICE_FAMILY = "1,2";
			};
			name = Debug;
		};
		265F882529D80DE70015CBE5 /* Release */ = {
			isa = XCBuildConfiguration;
			buildSettings = {
				ASSETCATALOG_COMPILER_APPICON_NAME = AppIcon;
				ASSETCATALOG_COMPILER_GLOBAL_ACCENT_COLOR_NAME = AccentColor;
				CODE_SIGN_STYLE = Automatic;
				CURRENT_PROJECT_VERSION = 1;
				DEVELOPMENT_ASSET_PATHS = "\"landmarks/Preview Content\"";
				DEVELOPMENT_TEAM = W2K3YVP382;
				ENABLE_PREVIEWS = YES;
				GENERATE_INFOPLIST_FILE = YES;
				INFOPLIST_KEY_UIApplicationSceneManifest_Generation = YES;
				INFOPLIST_KEY_UIApplicationSupportsIndirectInputEvents = YES;
				INFOPLIST_KEY_UILaunchScreen_Generation = YES;
				INFOPLIST_KEY_UISupportedInterfaceOrientations_iPad = "UIInterfaceOrientationPortrait UIInterfaceOrientationPortraitUpsideDown UIInterfaceOrientationLandscapeLeft UIInterfaceOrientationLandscapeRight";
				INFOPLIST_KEY_UISupportedInterfaceOrientations_iPhone = "UIInterfaceOrientationPortrait UIInterfaceOrientationLandscapeLeft UIInterfaceOrientationLandscapeRight";
				LD_RUNPATH_SEARCH_PATHS = (
					"$(inherited)",
					"@executable_path/Frameworks",
				);
				MARKETING_VERSION = 1.0;
				PRODUCT_BUNDLE_IDENTIFIER = dev.andrewjfei.landmarks;
				PRODUCT_NAME = "$(TARGET_NAME)";
				SWIFT_EMIT_LOC_STRINGS = YES;
				SWIFT_VERSION = 5.0;
				TARGETED_DEVICE_FAMILY = "1,2";
			};
			name = Release;
		};
		265F882729D80DE70015CBE5 /* Debug */ = {
			isa = XCBuildConfiguration;
			buildSettings = {
				ALWAYS_EMBED_SWIFT_STANDARD_LIBRARIES = YES;
				BUNDLE_LOADER = "$(TEST_HOST)";
				CODE_SIGN_STYLE = Automatic;
				CURRENT_PROJECT_VERSION = 1;
				DEVELOPMENT_TEAM = W2K3YVP382;
				GENERATE_INFOPLIST_FILE = YES;
				IPHONEOS_DEPLOYMENT_TARGET = 16.2;
				MARKETING_VERSION = 1.0;
				PRODUCT_BUNDLE_IDENTIFIER = dev.andrewjfei.landmarksTests;
				PRODUCT_NAME = "$(TARGET_NAME)";
				SWIFT_EMIT_LOC_STRINGS = NO;
				SWIFT_VERSION = 5.0;
				TARGETED_DEVICE_FAMILY = "1,2";
				TEST_HOST = "$(BUILT_PRODUCTS_DIR)/landmarks.app/$(BUNDLE_EXECUTABLE_FOLDER_PATH)/landmarks";
			};
			name = Debug;
		};
		265F882829D80DE70015CBE5 /* Release */ = {
			isa = XCBuildConfiguration;
			buildSettings = {
				ALWAYS_EMBED_SWIFT_STANDARD_LIBRARIES = YES;
				BUNDLE_LOADER = "$(TEST_HOST)";
				CODE_SIGN_STYLE = Automatic;
				CURRENT_PROJECT_VERSION = 1;
				DEVELOPMENT_TEAM = W2K3YVP382;
				GENERATE_INFOPLIST_FILE = YES;
				IPHONEOS_DEPLOYMENT_TARGET = 16.2;
				MARKETING_VERSION = 1.0;
				PRODUCT_BUNDLE_IDENTIFIER = dev.andrewjfei.landmarksTests;
				PRODUCT_NAME = "$(TARGET_NAME)";
				SWIFT_EMIT_LOC_STRINGS = NO;
				SWIFT_VERSION = 5.0;
				TARGETED_DEVICE_FAMILY = "1,2";
				TEST_HOST = "$(BUILT_PRODUCTS_DIR)/landmarks.app/$(BUNDLE_EXECUTABLE_FOLDER_PATH)/landmarks";
			};
			name = Release;
		};
		265F882A29D80DE70015CBE5 /* Debug */ = {
			isa = XCBuildConfiguration;
			buildSettings = {
				ALWAYS_EMBED_SWIFT_STANDARD_LIBRARIES = YES;
				CODE_SIGN_STYLE = Automatic;
				CURRENT_PROJECT_VERSION = 1;
				DEVELOPMENT_TEAM = W2K3YVP382;
				GENERATE_INFOPLIST_FILE = YES;
				MARKETING_VERSION = 1.0;
				PRODUCT_BUNDLE_IDENTIFIER = dev.andrewjfei.landmarksUITests;
				PRODUCT_NAME = "$(TARGET_NAME)";
				SWIFT_EMIT_LOC_STRINGS = NO;
				SWIFT_VERSION = 5.0;
				TARGETED_DEVICE_FAMILY = "1,2";
				TEST_TARGET_NAME = landmarks;
			};
			name = Debug;
		};
		265F882B29D80DE70015CBE5 /* Release */ = {
			isa = XCBuildConfiguration;
			buildSettings = {
				ALWAYS_EMBED_SWIFT_STANDARD_LIBRARIES = YES;
				CODE_SIGN_STYLE = Automatic;
				CURRENT_PROJECT_VERSION = 1;
				DEVELOPMENT_TEAM = W2K3YVP382;
				GENERATE_INFOPLIST_FILE = YES;
				MARKETING_VERSION = 1.0;
				PRODUCT_BUNDLE_IDENTIFIER = dev.andrewjfei.landmarksUITests;
				PRODUCT_NAME = "$(TARGET_NAME)";
				SWIFT_EMIT_LOC_STRINGS = NO;
				SWIFT_VERSION = 5.0;
				TARGETED_DEVICE_FAMILY = "1,2";
				TEST_TARGET_NAME = landmarks;
			};
			name = Release;
		};
/* End XCBuildConfiguration section */

/* Begin XCConfigurationList section */
		265F87FA29D80DE60015CBE5 /* Build configuration list for PBXProject "landmarks" */ = {
			isa = XCConfigurationList;
			buildConfigurations = (
				265F882129D80DE70015CBE5 /* Debug */,
				265F882229D80DE70015CBE5 /* Release */,
			);
			defaultConfigurationIsVisible = 0;
			defaultConfigurationName = Release;
		};
		265F882329D80DE70015CBE5 /* Build configuration list for PBXNativeTarget "landmarks" */ = {
			isa = XCConfigurationList;
			buildConfigurations = (
				265F882429D80DE70015CBE5 /* Debug */,
				265F882529D80DE70015CBE5 /* Release */,
			);
			defaultConfigurationIsVisible = 0;
			defaultConfigurationName = Release;
		};
		265F882629D80DE70015CBE5 /* Build configuration list for PBXNativeTarget "landmarksTests" */ = {
			isa = XCConfigurationList;
			buildConfigurations = (
				265F882729D80DE70015CBE5 /* Debug */,
				265F882829D80DE70015CBE5 /* Release */,
			);
			defaultConfigurationIsVisible = 0;
			defaultConfigurationName = Release;
		};
		265F882929D80DE70015CBE5 /* Build configuration list for PBXNativeTarget "landmarksUITests" */ = {
			isa = XCConfigurationList;
			buildConfigurations = (
				265F882A29D80DE70015CBE5 /* Debug */,
				265F882B29D80DE70015CBE5 /* Release */,
			);
			defaultConfigurationIsVisible = 0;
			defaultConfigurationName = Release;
		};
/* End XCConfigurationList section */
	};
	rootObject = 265F87F729D80DE60015CBE5 /* Project object */;
}
